
Microsoft Visual Studio Solution File, Format Version 12.00
# Visual Studio Version 17
VisualStudioVersion = 17.7.34031.279
MinimumVisualStudioVersion = 10.0.40219.1
Project("{FAE04EC0-301F-11D3-BF4B-00C04F79EFBC}") = "Modul15", "Modul15\Modul15.csproj", "{E60AAF5F-4845-48D8-B4EA-F3EE3CE5532D}"
EndProject
Project("{FAE04EC0-301F-11D3-BF4B-00C04F79EFBC}") = "modull15", "modull15\modull15.csproj", "{C25EE910-CA20-45E3-B77E-F148CF34CAF9}"
EndProject
Global
	GlobalSection(SolutionConfigurationPlatforms) = preSolution
		Debug|Any CPU = Debug|Any CPU
		Release|Any CPU = Release|Any CPU
	EndGlobalSection
	GlobalSection(ProjectConfigurationPlatforms) = postSolution
		{E60AAF5F-4845-48D8-B4EA-F3EE3CE5532D}.Debug|Any CPU.ActiveCfg = Debug|Any CPU
		{E60AAF5F-4845-48D8-B4EA-F3EE3CE5532D}.Debug|Any CPU.Build.0 = Debug|Any CPU
		{E60AAF5F-4845-48D8-B4EA-F3EE3CE5532D}.Release|Any CPU.ActiveCfg = Release|Any CPU
		{E60AAF5F-4845-48D8-B4EA-F3EE3CE5532D}.Release|Any CPU.Build.0 = Release|Any CPU
		{C25EE910-CA20-45E3-B77E-F148CF34CAF9}.Debug|Any CPU.ActiveCfg = Debug|Any CPU
		{C25EE910-CA20-45E3-B77E-F148CF34CAF9}.Debug|Any CPU.Build.0 = Debug|Any CPU
		{C25EE910-CA20-45E3-B77E-F148CF34CAF9}.Release|Any CPU.ActiveCfg = Release|Any CPU
		{C25EE910-CA20-45E3-B77E-F148CF34CAF9}.Release|Any CPU.Build.0 = Release|Any CPU
	EndGlobalSection
	GlobalSection(SolutionProperties) = preSolution
		HideSolutionNode = FALSE
	EndGlobalSection
	GlobalSection(ExtensibilityGlobals) = postSolution
		SolutionGuid = {9CC340AE-B3D7-4047-B6CC-B23463D91042}
	EndGlobalSection
EndGlobal
